
Microsoft Visual Studio Solution File, Format Version 12.00
# Visual Studio Version 16
VisualStudioVersion = 16.0.29215.179
MinimumVisualStudioVersion = 10.0.40219.1
Project("{FAE04EC0-301F-11D3-BF4B-00C04F79EFBC}") = "website", "website\website.csproj", "{DF6B6F06-10BB-411F-81A0-A1DD1E887956}"
EndProject
Global
	GlobalSection(SolutionConfigurationPlatforms) = preSolution
		Debug|Any CPU = Debug|Any CPU
		Release|Any CPU = Release|Any CPU
	EndGlobalSection
	GlobalSection(ProjectConfigurationPlatforms) = postSolution
		{DF6B6F06-10BB-411F-81A0-A1DD1E887956}.Debug|Any CPU.ActiveCfg = Debug|Any CPU
		{DF6B6F06-10BB-411F-81A0-A1DD1E887956}.Debug|Any CPU.Build.0 = Debug|Any CPU
		{DF6B6F06-10BB-411F-81A0-A1DD1E887956}.Release|Any CPU.ActiveCfg = Release|Any CPU
		{DF6B6F06-10BB-411F-81A0-A1DD1E887956}.Release|Any CPU.Build.0 = Release|Any CPU
	EndGlobalSection
	GlobalSection(SolutionProperties) = preSolution
		HideSolutionNode = FALSE
	EndGlobalSection
	GlobalSection(ExtensibilityGlobals) = postSolution
		SolutionGuid = {C90C279C-8AA0-480E-8CFD-11FC9BE75D4D}
	EndGlobalSection
EndGlobal
